
Microsoft Visual Studio Solution File, Format Version 11.00
# Visual Studio 2010
Project("{FAE04EC0-301F-11D3-BF4B-00C04F79EFBC}") = "Axolotyl", "Axolotyl.csproj", "{3b40968b-4a44-052f-9e57-d6d923fb1a9f}"
EndProject
Project("{FAE04EC0-301F-11D3-BF4B-00C04F79EFBC}") = "Assembly-CSharp", "Assembly-CSharp.csproj", "{cdcaab9a-4ed1-f73f-aee0-356f3c38b0e2}"
EndProject
Global
	GlobalSection(SolutionConfigurationPlatforms) = preSolution
		Debug|Any CPU = Debug|Any CPU
	EndGlobalSection
	GlobalSection(ProjectConfigurationPlatforms) = postSolution
		{3b40968b-4a44-052f-9e57-d6d923fb1a9f}.Debug|Any CPU.ActiveCfg = Debug|Any CPU
		{3b40968b-4a44-052f-9e57-d6d923fb1a9f}.Debug|Any CPU.Build.0 = Debug|Any CPU
		{cdcaab9a-4ed1-f73f-aee0-356f3c38b0e2}.Debug|Any CPU.ActiveCfg = Debug|Any CPU
		{cdcaab9a-4ed1-f73f-aee0-356f3c38b0e2}.Debug|Any CPU.Build.0 = Debug|Any CPU
	EndGlobalSection
	GlobalSection(SolutionProperties) = preSolution
		HideSolutionNode = FALSE
	EndGlobalSection
EndGlobal
